
Microsoft Visual Studio Solution File, Format Version 12.00
# Visual Studio Version 16
VisualStudioVersion = 16.0.29318.209
MinimumVisualStudioVersion = 10.0.40219.1
Project("{FAE04EC0-301F-11D3-BF4B-00C04F79EFBC}") = "MindScribe", "Practicka\MindScribe.csproj", "{41BA7CD5-0987-444F-9D25-C0E7A4F27580}"
EndProject
Global
	GlobalSection(SolutionConfigurationPlatforms) = preSolution
		Debug|Any CPU = Debug|Any CPU
		Release|Any CPU = Release|Any CPU
	EndGlobalSection
	GlobalSection(ProjectConfigurationPlatforms) = postSolution
		{41BA7CD5-0987-444F-9D25-C0E7A4F27580}.Debug|Any CPU.ActiveCfg = Debug|Any CPU
		{41BA7CD5-0987-444F-9D25-C0E7A4F27580}.Debug|Any CPU.Build.0 = Debug|Any CPU
		{41BA7CD5-0987-444F-9D25-C0E7A4F27580}.Release|Any CPU.ActiveCfg = Release|Any CPU
		{41BA7CD5-0987-444F-9D25-C0E7A4F27580}.Release|Any CPU.Build.0 = Release|Any CPU
	EndGlobalSection
	GlobalSection(SolutionProperties) = preSolution
		HideSolutionNode = FALSE
	EndGlobalSection
	GlobalSection(ExtensibilityGlobals) = postSolution
		SolutionGuid = {ECDF3E57-B75E-479D-8FF8-8551CEDB9C1B}
	EndGlobalSection
EndGlobal
